
Microsoft Visual Studio Solution File, Format Version 12.00
# Visual Studio Version 17
VisualStudioVersion = 17.9.34723.18
MinimumVisualStudioVersion = 10.0.40219.1
Project("{FAE04EC0-301F-11D3-BF4B-00C04F79EFBC}") = "كافيه_قوم-قريش", "كافيه_قوم-قريش\كافيه_قوم-قريش.csproj", "{1225C2F7-06C0-4DF1-A53E-275C910FA20F}"
EndProject
Global
	GlobalSection(SolutionConfigurationPlatforms) = preSolution
		Debug|Any CPU = Debug|Any CPU
		Release|Any CPU = Release|Any CPU
	EndGlobalSection
	GlobalSection(ProjectConfigurationPlatforms) = postSolution
		{1225C2F7-06C0-4DF1-A53E-275C910FA20F}.Debug|Any CPU.ActiveCfg = Debug|Any CPU
		{1225C2F7-06C0-4DF1-A53E-275C910FA20F}.Debug|Any CPU.Build.0 = Debug|Any CPU
		{1225C2F7-06C0-4DF1-A53E-275C910FA20F}.Release|Any CPU.ActiveCfg = Release|Any CPU
		{1225C2F7-06C0-4DF1-A53E-275C910FA20F}.Release|Any CPU.Build.0 = Release|Any CPU
	EndGlobalSection
	GlobalSection(SolutionProperties) = preSolution
		HideSolutionNode = FALSE
	EndGlobalSection
	GlobalSection(ExtensibilityGlobals) = postSolution
		SolutionGuid = {567DA9C1-054D-4F2B-85C7-C968A6EAEC65}
	EndGlobalSection
EndGlobal
